
Microsoft Visual Studio Solution File, Format Version 12.00
# Visual Studio Version 16
VisualStudioVersion = 16.0.31624.102
MinimumVisualStudioVersion = 10.0.40219.1
Project("{FAE04EC0-301F-11D3-BF4B-00C04F79EFBC}") = "ClarityDLL", "clarityDLL\ClarityDLL.csproj", "{343D5095-AF8C-4C33-BD6A-DB883EDE5711}"
EndProject
Project("{9A19103F-16F7-4668-BE54-9A1E7A4F7556}") = "ClarityEmail", "ClarityEmail\ClarityEmail.csproj", "{378048B0-4530-46C1-A3E8-70CA87E5B593}"
EndProject
Global
	GlobalSection(SolutionConfigurationPlatforms) = preSolution
		Debug|Any CPU = Debug|Any CPU
		Release|Any CPU = Release|Any CPU
	EndGlobalSection
	GlobalSection(ProjectConfigurationPlatforms) = postSolution
		{343D5095-AF8C-4C33-BD6A-DB883EDE5711}.Debug|Any CPU.ActiveCfg = Debug|Any CPU
		{343D5095-AF8C-4C33-BD6A-DB883EDE5711}.Debug|Any CPU.Build.0 = Debug|Any CPU
		{343D5095-AF8C-4C33-BD6A-DB883EDE5711}.Release|Any CPU.ActiveCfg = Release|Any CPU
		{343D5095-AF8C-4C33-BD6A-DB883EDE5711}.Release|Any CPU.Build.0 = Release|Any CPU
		{378048B0-4530-46C1-A3E8-70CA87E5B593}.Debug|Any CPU.ActiveCfg = Debug|Any CPU
		{378048B0-4530-46C1-A3E8-70CA87E5B593}.Debug|Any CPU.Build.0 = Debug|Any CPU
		{378048B0-4530-46C1-A3E8-70CA87E5B593}.Release|Any CPU.ActiveCfg = Release|Any CPU
		{378048B0-4530-46C1-A3E8-70CA87E5B593}.Release|Any CPU.Build.0 = Release|Any CPU
	EndGlobalSection
	GlobalSection(SolutionProperties) = preSolution
		HideSolutionNode = FALSE
	EndGlobalSection
	GlobalSection(ExtensibilityGlobals) = postSolution
		SolutionGuid = {A69E0B75-0EA8-4DE6-AB1E-CBC11C999183}
	EndGlobalSection
EndGlobal
